
Microsoft Visual Studio Solution File, Format Version 12.00
# Visual Studio 15
VisualStudioVersion = 15.0.27703.2047
MinimumVisualStudioVersion = 10.0.40219.1
Project("{9A19103F-16F7-4668-BE54-9A1E7A4F7556}") = "Financial", "Financial\Financial.csproj", "{EDF0A81B-927A-4C59-A807-B399297350BC}"
EndProject
Project("{9A19103F-16F7-4668-BE54-9A1E7A4F7556}") = "Financial.Data", "Financial.Data\Financial.Data.csproj", "{AD8B4C51-C323-46AE-A156-CE1989C74EBC}"
EndProject
Project("{9A19103F-16F7-4668-BE54-9A1E7A4F7556}") = "Financial.Lib", "Financial.Lib\Financial.Lib.csproj", "{C84B3C54-6D1A-4D35-95F9-351D65CEE985}"
EndProject
Project("{FAE04EC0-301F-11D3-BF4B-00C04F79EFBC}") = "Financial.API", "Financial.API\Financial.API.csproj", "{4997C5B6-597F-41FE-A1B3-321DBF015CD5}"
EndProject
Global
	GlobalSection(SolutionConfigurationPlatforms) = preSolution
		Debug|Any CPU = Debug|Any CPU
		Release|Any CPU = Release|Any CPU
	EndGlobalSection
	GlobalSection(ProjectConfigurationPlatforms) = postSolution
		{EDF0A81B-927A-4C59-A807-B399297350BC}.Debug|Any CPU.ActiveCfg = Debug|Any CPU
		{EDF0A81B-927A-4C59-A807-B399297350BC}.Debug|Any CPU.Build.0 = Debug|Any CPU
		{EDF0A81B-927A-4C59-A807-B399297350BC}.Release|Any CPU.ActiveCfg = Release|Any CPU
		{EDF0A81B-927A-4C59-A807-B399297350BC}.Release|Any CPU.Build.0 = Release|Any CPU
		{AD8B4C51-C323-46AE-A156-CE1989C74EBC}.Debug|Any CPU.ActiveCfg = Debug|Any CPU
		{AD8B4C51-C323-46AE-A156-CE1989C74EBC}.Debug|Any CPU.Build.0 = Debug|Any CPU
		{AD8B4C51-C323-46AE-A156-CE1989C74EBC}.Release|Any CPU.ActiveCfg = Release|Any CPU
		{AD8B4C51-C323-46AE-A156-CE1989C74EBC}.Release|Any CPU.Build.0 = Release|Any CPU
		{C84B3C54-6D1A-4D35-95F9-351D65CEE985}.Debug|Any CPU.ActiveCfg = Debug|Any CPU
		{C84B3C54-6D1A-4D35-95F9-351D65CEE985}.Debug|Any CPU.Build.0 = Debug|Any CPU
		{C84B3C54-6D1A-4D35-95F9-351D65CEE985}.Release|Any CPU.ActiveCfg = Release|Any CPU
		{C84B3C54-6D1A-4D35-95F9-351D65CEE985}.Release|Any CPU.Build.0 = Release|Any CPU
		{4997C5B6-597F-41FE-A1B3-321DBF015CD5}.Debug|Any CPU.ActiveCfg = Debug|Any CPU
		{4997C5B6-597F-41FE-A1B3-321DBF015CD5}.Debug|Any CPU.Build.0 = Debug|Any CPU
		{4997C5B6-597F-41FE-A1B3-321DBF015CD5}.Release|Any CPU.ActiveCfg = Release|Any CPU
		{4997C5B6-597F-41FE-A1B3-321DBF015CD5}.Release|Any CPU.Build.0 = Release|Any CPU
	EndGlobalSection
	GlobalSection(SolutionProperties) = preSolution
		HideSolutionNode = FALSE
	EndGlobalSection
	GlobalSection(ExtensibilityGlobals) = postSolution
		SolutionGuid = {2CF7643F-F177-4592-BC5D-4150CF8B0366}
	EndGlobalSection
EndGlobal
